PODS:
  - GoogleMaps (3.1.0):
    - GoogleMaps/Maps (= 3.1.0)
  - GoogleMaps/Base (3.1.0)
  - GoogleMaps/Maps (3.1.0):
    - GoogleMaps/Base
  - GooglePlacePicker (3.1.0):
    - GoogleMaps (= 3.1.0)
    - GooglePlaces (= 3.1.0)
  - GooglePlaces (3.1.0):
    - GoogleMaps/Base (= 3.1.0)
  - SwiftLuhn (0.2.1)

DEPENDENCIES:
  - GoogleMaps
  - GooglePlacePicker
  - GooglePlaces
  - SwiftLuhn (= 0.2.1)

SPEC REPOS:
  https://github.com/cocoapods/specs.git:
    - GoogleMaps
    - GooglePlacePicker
    - GooglePlaces
    - SwiftLuhn

SPEC CHECKSUMS:
  GoogleMaps: 5c13302e6fe6bb6e686b267196586b91cd594225
  GooglePlacePicker: 1c60c2a26e9d1e73bcb0c6f89609db8d777d13c1
  GooglePlaces: e874db179f2675c4f3eeda0b686b540273a578b0
  SwiftLuhn: 05b38a0bd30b952d9b42b4c05ae7dd73431bcd3a

PODFILE CHECKSUM: bc7f92627e5464d68d52b0ed47bfd007a15e3a54

COCOAPODS: 1.7.5
